{
  "name": "npmtutorial",
  "version": "1.0.0",
  "lockfileVersion": 3,
  "requires": true,
  "packages": {
    "": {
      "name": "npmtutorial",
      "version": "1.0.0",
      "license": "MIT",
      "dependencies": {
        "toxiclibsjs": "^0.3.3"
      }
    },
    "node_modules/toxiclibsjs": {
      "version": "0.3.3",
      "resolved": "https://registry.npmjs.org/toxiclibsjs/-/toxiclibsjs-0.3.3.tgz",
      "integrity": "sha512-gZhrvRRsH4+iNLzKlWdhwKJd18DA2TKUsm/SvY2FelgAKg98xSgAQSDH7AddqYHo9MoCdRvsf0NCcbzNmHcDqw==",
      "engines": {
        "node": ">=0.4"
      }
    }
  }
}
